
Microsoft Visual Studio Solution File, Format Version 12.00
# Visual Studio Version 17
VisualStudioVersion = 17.7.34031.279
MinimumVisualStudioVersion = 10.0.40219.1
Project("{FAE04EC0-301F-11D3-BF4B-00C04F79EFBC}") = "RailWay", "RailWay\RailWay.csproj", "{EA3CFED6-1F0A-4449-B386-15C726DAF4B7}"
EndProject
Project("{FAE04EC0-301F-11D3-BF4B-00C04F79EFBC}") = "RailWayUnitTests", "RailWayUnitTests\RailWayUnitTests.csproj", "{ED98C860-4BC1-434F-86D1-5146231A2214}"
EndProject
Global
	GlobalSection(SolutionConfigurationPlatforms) = preSolution
		Debug|Any CPU = Debug|Any CPU
		Release|Any CPU = Release|Any CPU
	EndGlobalSection
	GlobalSection(ProjectConfigurationPlatforms) = postSolution
		{EA3CFED6-1F0A-4449-B386-15C726DAF4B7}.Debug|Any CPU.ActiveCfg = Debug|Any CPU
		{EA3CFED6-1F0A-4449-B386-15C726DAF4B7}.Debug|Any CPU.Build.0 = Debug|Any CPU
		{EA3CFED6-1F0A-4449-B386-15C726DAF4B7}.Release|Any CPU.ActiveCfg = Release|Any CPU
		{EA3CFED6-1F0A-4449-B386-15C726DAF4B7}.Release|Any CPU.Build.0 = Release|Any CPU
		{ED98C860-4BC1-434F-86D1-5146231A2214}.Debug|Any CPU.ActiveCfg = Debug|Any CPU
		{ED98C860-4BC1-434F-86D1-5146231A2214}.Debug|Any CPU.Build.0 = Debug|Any CPU
		{ED98C860-4BC1-434F-86D1-5146231A2214}.Release|Any CPU.ActiveCfg = Release|Any CPU
		{ED98C860-4BC1-434F-86D1-5146231A2214}.Release|Any CPU.Build.0 = Release|Any CPU
	EndGlobalSection
	GlobalSection(SolutionProperties) = preSolution
		HideSolutionNode = FALSE
	EndGlobalSection
	GlobalSection(ExtensibilityGlobals) = postSolution
		SolutionGuid = {5E68F1D4-5B82-4B1B-94C3-2BA0B48A324F}
	EndGlobalSection
EndGlobal
